{
  "version": 4,
  "terraform_version": "1.15.4",
  "serial": 6,
  "lineage": "868ee0b5-3884-661f-f9aa-ac8f46698ad1",
  "outputs": {
    "ec2_public_dns": {
      "value": "ec2-3-91-198-41.compute-1.amazonaws.com",
      "type": "string"
    },
    "ec2_public_ip": {
      "value": "3.91.198.41",
      "type": "string"
    },
    "ecr_login_command": {
      "value": "aws ecr get-login-password --region us-east-1 | docker login --username AWS --password-stdin 427267592919.dkr.ecr.us-east-1.amazonaws.com",
      "type": "string"
    }
  },
  "resources": [
    {
      "mode": "managed",
      "type": "aws_instance",
      "name": "tradeflow_ec2",
      "provider": "provider[\"registry.terraform.io/hashicorp/aws\"]",
      "instances": [
        {
          "schema_version": 2,
          "attributes": {
            "ami": "ami-0c02fb55956c7d316",
            "arn": "arn:aws:ec2:us-east-1:427267592919:instance/i-09245987919d9a28e",
            "associate_public_ip_address": true,
            "availability_zone": "us-east-1a",
            "capacity_reservation_specification": [
              {
                "capacity_reservation_preference": "open",
                "capacity_reservation_target": []
              }
            ],
            "cpu_options": [
              {
                "amd_sev_snp": "",
                "core_count": 1,
                "nested_virtualization": "",
                "threads_per_core": 2
              }
            ],
            "credit_specification": [
              {
                "cpu_credits": "unlimited"
              }
            ],
            "disable_api_stop": false,
            "disable_api_termination": false,
            "ebs_block_device": [],
            "ebs_optimized": false,
            "enable_primary_ipv6": null,
            "enclave_options": [
              {
                "enabled": false
              }
            ],
            "ephemeral_block_device": [],
            "force_destroy": false,
            "get_password_data": false,
            "hibernation": false,
            "host_id": "",
            "host_resource_group_arn": null,
            "iam_instance_profile": "",
            "id": "i-09245987919d9a28e",
            "instance_initiated_shutdown_behavior": "stop",
            "instance_lifecycle": "",
            "instance_market_options": [],
            "instance_state": "running",
            "instance_type": "t3.micro",
            "ipv6_address_count": 0,
            "ipv6_addresses": [],
            "key_name": "tradeflow-key",
            "launch_template": [],
            "maintenance_options": [
              {
                "auto_recovery": "default"
              }
            ],
            "metadata_options": [
              {
                "http_endpoint": "enabled",
                "http_protocol_ipv6": "disabled",
                "http_put_response_hop_limit": 1,
                "http_tokens": "optional",
                "instance_metadata_tags": "disabled"
              }
            ],
            "monitoring": false,
            "network_interface": [],
            "outpost_arn": "",
            "password_data": "",
            "placement_group": "",
            "placement_group_id": "",
            "placement_partition_number": 0,
            "primary_network_interface": [
              {
                "delete_on_termination": true,
                "network_interface_id": "eni-003f8cc6c680f4f08"
              }
            ],
            "primary_network_interface_id": "eni-003f8cc6c680f4f08",
            "private_dns": "ip-172-31-0-247.ec2.internal",
            "private_dns_name_options": [
              {
                "enable_resource_name_dns_a_record": false,
                "enable_resource_name_dns_aaaa_record": false,
                "hostname_type": "ip-name"
              }
            ],
            "private_ip": "172.31.0.247",
            "public_dns": "ec2-3-91-198-41.compute-1.amazonaws.com",
            "public_ip": "3.91.198.41",
            "region": "us-east-1",
            "root_block_device": [
              {
                "delete_on_termination": true,
                "device_name": "/dev/xvda",
                "encrypted": false,
                "iops": 100,
                "kms_key_id": "",
                "tags": {},
                "tags_all": {},
                "throughput": 0,
                "volume_id": "vol-0a50ace186bf60b8e",
                "volume_size": 8,
                "volume_type": "gp2"
              }
            ],
            "secondary_network_interface": [],
            "secondary_private_ips": [],
            "security_groups": [
              "tradeflow-sg"
            ],
            "source_dest_check": true,
            "spot_instance_request_id": "",
            "subnet_id": "subnet-0e0c55422c990f912",
            "tags": {
              "Env": "prod",
              "Name": "tradeflow-notification-server",
              "Project": "TradeFlow"
            },
            "tags_all": {
              "Env": "prod",
              "Name": "tradeflow-notification-server",
              "Project": "TradeFlow"
            },
            "tenancy": "default",
            "timeouts": null,
            "user_data": "#!/bin/bash\nyum update -y\nyum install -y docker\nsystemctl start docker\nsystemctl enable docker\nusermod -aG docker ec2-user\n",
            "user_data_base64": null,
            "user_data_replace_on_change": false,
            "volume_tags": null,
            "vpc_security_group_ids": [
              "sg-05a01ddf344464ceb"
            ]
          },
          "sensitive_attributes": [],
          "identity_schema_version": 0,
          "identity": {
            "account_id": "427267592919",
            "id": "i-09245987919d9a28e",
            "region": "us-east-1"
          },
          "private": "eyJlMmJmYjczMC1lY2FhLTExZTYtOGY4OC0zNDM2M2JjN2M0YzAiOnsiY3JlYXRlIjo2MDAwMDAwMDAwMDAsImRlbGV0ZSI6MTIwMDAwMDAwMDAwMCwicmVhZCI6OTAwMDAwMDAwMDAwLCJ1cGRhdGUiOjYwMDAwMDAwMDAwMH0sInNjaGVtYV92ZXJzaW9uIjoiMiJ9",
          "dependencies": [
            "aws_key_pair.tradeflow_key",
            "aws_security_group.tradeflow_sg"
          ]
        }
      ]
    },
    {
      "mode": "managed",
      "type": "aws_key_pair",
      "name": "tradeflow_key",
      "provider": "provider[\"registry.terraform.io/hashicorp/aws\"]",
      "instances": [
        {
          "schema_version": 1,
          "attributes": {
            "arn": "arn:aws:ec2:us-east-1:427267592919:key-pair/tradeflow-key",
            "fingerprint": "63:72:ad:c6:b7:90:11:d9:ec:ed:3f:68:7e:cf:ad:86",
            "id": "tradeflow-key",
            "key_name": "tradeflow-key",
            "key_name_prefix": "",
            "key_pair_id": "key-018b85e2c5e8804dd",
            "key_type": "rsa",
            "public_key": "ssh-rsa AAAAB3NzaC1yc2EAAAADAQABAAACAQDEMyab3B26g6nPF1sgqHWsM2cDJbtVz37mrWL0Eey5MHYagyMkIA8scWhQuSK98z9meIDV0SSgOZ2U4+SFpotzRNWR3UZjNNcqUa4boD495ZGcpVqt32OGqCE+NygaW56eP5WkRthaqmtx8/zX4NC8TQyEq+2lRkt591z9MijVnxzmGgC4nSybCPkaGyp3eagPZKjP5+myfFGaE+/2/IiGEpo8t8Z+CC8mWSAqHsZqtzHx8TvIiX5MAHSDfulxs1eWLIOXq3dezMP7i6+kYAZYPMf2in2KlBMwHCi0hA1iL08q5VEEm71U9Tq2QlxWO9+PhQINtniaB/7WVEuX67RnG2Rkb2ZzDcOTXaHzw0ld9aXxl+5woIyjpGWuoP/g9m9BiSQeCdTFE4VaBlxy92HGr3qkszzoJw49KSUA76M3lF6wqqROYL6Yt3DpN7fRhqK6DGNhFDbSU93+yYnVC5kid1+m7oT0UgfuZfSryJne8awelz14Izd4p2zTczEp9/hPN7q8uUfBmXJhkh6XSDz9gKJS/zH3sYavYk+rkxZBepny8CxJR5NaXT2mJzvGTEkjGiCuIFrtk0Vvi1evXgIm24pcLxQ7QWIJV8Ea6pDopBqYKojVKZO0lGqwC7fG7lK86YJudjRy5fRR/AEwM2dXyTgv60bMJxsbsmfKO9FihQ== tradeflow-cicd",
            "region": "us-east-1",
            "tags": {},
            "tags_all": {}
          },
          "sensitive_attributes": [],
          "identity_schema_version": 0,
          "private": "eyJzY2hlbWFfdmVyc2lvbiI6IjEifQ=="
        }
      ]
    },
    {
      "mode": "managed",
      "type": "aws_security_group",
      "name": "tradeflow_sg",
      "provider": "provider[\"registry.terraform.io/hashicorp/aws\"]",
      "instances": [
        {
          "schema_version": 1,
          "attributes": {
            "arn": "arn:aws:ec2:us-east-1:427267592919:security-group/sg-05a01ddf344464ceb",
            "description": "Allow SSH and app traffic",
            "egress": [
              {
                "cidr_blocks": [
                  "0.0.0.0/0"
                ],
                "description": "",
                "from_port": 0,
                "ipv6_cidr_blocks": [],
                "prefix_list_ids": [],
                "protocol": "-1",
                "security_groups": [],
                "self": false,
                "to_port": 0
              }
            ],
            "id": "sg-05a01ddf344464ceb",
            "ingress": [
              {
                "cidr_blocks": [
                  "0.0.0.0/0"
                ],
                "description": "",
                "from_port": 22,
                "ipv6_cidr_blocks": [],
                "prefix_list_ids": [],
                "protocol": "tcp",
                "security_groups": [],
                "self": false,
                "to_port": 22
              },
              {
                "cidr_blocks": [
                  "0.0.0.0/0"
                ],
                "description": "",
                "from_port": 8080,
                "ipv6_cidr_blocks": [],
                "prefix_list_ids": [],
                "protocol": "tcp",
                "security_groups": [],
                "self": false,
                "to_port": 8080
              }
            ],
            "name": "tradeflow-sg",
            "name_prefix": "",
            "owner_id": "427267592919",
            "region": "us-east-1",
            "revoke_rules_on_delete": false,
            "tags": {},
            "tags_all": {},
            "timeouts": null,
            "vpc_id": "vpc-0385406d4a263c4d3"
          },
          "sensitive_attributes": [],
          "identity_schema_version": 0,
          "identity": {
            "account_id": "427267592919",
            "id": "sg-05a01ddf344464ceb",
            "region": "us-east-1"
          },
          "private": "eyJlMmJmYjczMC1lY2FhLTExZTYtOGY4OC0zNDM2M2JjN2M0YzAiOnsiY3JlYXRlIjo2MDAwMDAwMDAwMDAsImRlbGV0ZSI6OTAwMDAwMDAwMDAwfSwic2NoZW1hX3ZlcnNpb24iOiIxIn0="
        }
      ]
    }
  ],
  "check_results": null
}
