{
  "version": 4,
  "terraform_version": "1.15.4",
  "serial": 4,
  "lineage": "868ee0b5-3884-661f-f9aa-ac8f46698ad1",
  "outputs": {
    "ecr_login_command": {
      "value": "aws ecr get-login-password --region us-east-1 | docker login --username AWS --password-stdin 427267592919.dkr.ecr.us-east-1.amazonaws.com",
      "type": "string"
    }
  },
  "resources": [
    {
      "mode": "managed",
      "type": "aws_key_pair",
      "name": "tradeflow_key",
      "provider": "provider[\"registry.terraform.io/hashicorp/aws\"]",
      "instances": [
        {
          "schema_version": 1,
          "attributes": {
            "arn": "arn:aws:ec2:us-east-1:427267592919:key-pair/tradeflow-key",
            "fingerprint": "63:72:ad:c6:b7:90:11:d9:ec:ed:3f:68:7e:cf:ad:86",
            "id": "tradeflow-key",
            "key_name": "tradeflow-key",
            "key_name_prefix": "",
            "key_pair_id": "key-018b85e2c5e8804dd",
            "key_type": "rsa",
            "public_key": "ssh-rsa AAAAB3NzaC1yc2EAAAADAQABAAACAQDEMyab3B26g6nPF1sgqHWsM2cDJbtVz37mrWL0Eey5MHYagyMkIA8scWhQuSK98z9meIDV0SSgOZ2U4+SFpotzRNWR3UZjNNcqUa4boD495ZGcpVqt32OGqCE+NygaW56eP5WkRthaqmtx8/zX4NC8TQyEq+2lRkt591z9MijVnxzmGgC4nSybCPkaGyp3eagPZKjP5+myfFGaE+/2/IiGEpo8t8Z+CC8mWSAqHsZqtzHx8TvIiX5MAHSDfulxs1eWLIOXq3dezMP7i6+kYAZYPMf2in2KlBMwHCi0hA1iL08q5VEEm71U9Tq2QlxWO9+PhQINtniaB/7WVEuX67RnG2Rkb2ZzDcOTXaHzw0ld9aXxl+5woIyjpGWuoP/g9m9BiSQeCdTFE4VaBlxy92HGr3qkszzoJw49KSUA76M3lF6wqqROYL6Yt3DpN7fRhqK6DGNhFDbSU93+yYnVC5kid1+m7oT0UgfuZfSryJne8awelz14Izd4p2zTczEp9/hPN7q8uUfBmXJhkh6XSDz9gKJS/zH3sYavYk+rkxZBepny8CxJR5NaXT2mJzvGTEkjGiCuIFrtk0Vvi1evXgIm24pcLxQ7QWIJV8Ea6pDopBqYKojVKZO0lGqwC7fG7lK86YJudjRy5fRR/AEwM2dXyTgv60bMJxsbsmfKO9FihQ== tradeflow-cicd",
            "region": "us-east-1",
            "tags": null,
            "tags_all": {}
          },
          "sensitive_attributes": [],
          "identity_schema_version": 0,
          "private": "eyJzY2hlbWFfdmVyc2lvbiI6IjEifQ=="
        }
      ]
    },
    {
      "mode": "managed",
      "type": "aws_security_group",
      "name": "tradeflow_sg",
      "provider": "provider[\"registry.terraform.io/hashicorp/aws\"]",
      "instances": [
        {
          "schema_version": 1,
          "attributes": {
            "arn": "arn:aws:ec2:us-east-1:427267592919:security-group/sg-05a01ddf344464ceb",
            "description": "Allow SSH and app traffic",
            "egress": [
              {
                "cidr_blocks": [
                  "0.0.0.0/0"
                ],
                "description": "",
                "from_port": 0,
                "ipv6_cidr_blocks": [],
                "prefix_list_ids": [],
                "protocol": "-1",
                "security_groups": [],
                "self": false,
                "to_port": 0
              }
            ],
            "id": "sg-05a01ddf344464ceb",
            "ingress": [
              {
                "cidr_blocks": [
                  "0.0.0.0/0"
                ],
                "description": "",
                "from_port": 22,
                "ipv6_cidr_blocks": [],
                "prefix_list_ids": [],
                "protocol": "tcp",
                "security_groups": [],
                "self": false,
                "to_port": 22
              },
              {
                "cidr_blocks": [
                  "0.0.0.0/0"
                ],
                "description": "",
                "from_port": 8080,
                "ipv6_cidr_blocks": [],
                "prefix_list_ids": [],
                "protocol": "tcp",
                "security_groups": [],
                "self": false,
                "to_port": 8080
              }
            ],
            "name": "tradeflow-sg",
            "name_prefix": "",
            "owner_id": "427267592919",
            "region": "us-east-1",
            "revoke_rules_on_delete": false,
            "tags": null,
            "tags_all": {},
            "timeouts": null,
            "vpc_id": "vpc-0385406d4a263c4d3"
          },
          "sensitive_attributes": [],
          "identity_schema_version": 0,
          "identity": {
            "account_id": "427267592919",
            "id": "sg-05a01ddf344464ceb",
            "region": "us-east-1"
          },
          "private": "eyJlMmJmYjczMC1lY2FhLTExZTYtOGY4OC0zNDM2M2JjN2M0YzAiOnsiY3JlYXRlIjo2MDAwMDAwMDAwMDAsImRlbGV0ZSI6OTAwMDAwMDAwMDAwfSwic2NoZW1hX3ZlcnNpb24iOiIxIn0="
        }
      ]
    }
  ],
  "check_results": null
}
